
Microsoft Visual Studio Solution File, Format Version 12.00
# Visual Studio Version 16
VisualStudioVersion = 16.0.31410.357
MinimumVisualStudioVersion = 10.0.40219.1
Project("{FAE04EC0-301F-11D3-BF4B-00C04F79EFBC}") = "BitirmeOdevi", "BitirmeOdevi\BitirmeOdevi.csproj", "{B298E9F7-8C0D-448B-BAC7-7DC5673DCCC0}"
EndProject
Project("{FAE04EC0-301F-11D3-BF4B-00C04F79EFBC}") = "BitirmeOdevi.Entities", "BitirmeOdevi.Entities\BitirmeOdevi.Entities.csproj", "{0D7DAAA4-2CFD-4A85-96A1-B5FA53AD9FD4}"
EndProject
Project("{FAE04EC0-301F-11D3-BF4B-00C04F79EFBC}") = "BitirmeOdevi.DataAccess", "BitirmeOdevi.DataAccess\BitirmeOdevi.DataAccess.csproj", "{D9583231-5676-4FCE-8337-4DEA54FE78F3}"
EndProject
Project("{FAE04EC0-301F-11D3-BF4B-00C04F79EFBC}") = "BitirmeOdevi.Business", "BitirmeOdevi.Business\BitirmeOdevi.Business.csproj", "{F97D50AD-6F4D-4DF7-9610-6F71B6D12257}"
EndProject
Project("{FAE04EC0-301F-11D3-BF4B-00C04F79EFBC}") = "deneme", "deneme\deneme.csproj", "{7B17ABB7-ED6F-4427-A277-8354355808C1}"
EndProject
Global
	GlobalSection(SolutionConfigurationPlatforms) = preSolution
		Debug|Any CPU = Debug|Any CPU
		Release|Any CPU = Release|Any CPU
	EndGlobalSection
	GlobalSection(ProjectConfigurationPlatforms) = postSolution
		{B298E9F7-8C0D-448B-BAC7-7DC5673DCCC0}.Debug|Any CPU.ActiveCfg = Debug|Any CPU
		{B298E9F7-8C0D-448B-BAC7-7DC5673DCCC0}.Debug|Any CPU.Build.0 = Debug|Any CPU
		{B298E9F7-8C0D-448B-BAC7-7DC5673DCCC0}.Release|Any CPU.ActiveCfg = Release|Any CPU
		{B298E9F7-8C0D-448B-BAC7-7DC5673DCCC0}.Release|Any CPU.Build.0 = Release|Any CPU
		{0D7DAAA4-2CFD-4A85-96A1-B5FA53AD9FD4}.Debug|Any CPU.ActiveCfg = Debug|Any CPU
		{0D7DAAA4-2CFD-4A85-96A1-B5FA53AD9FD4}.Debug|Any CPU.Build.0 = Debug|Any CPU
		{0D7DAAA4-2CFD-4A85-96A1-B5FA53AD9FD4}.Release|Any CPU.ActiveCfg = Release|Any CPU
		{0D7DAAA4-2CFD-4A85-96A1-B5FA53AD9FD4}.Release|Any CPU.Build.0 = Release|Any CPU
		{D9583231-5676-4FCE-8337-4DEA54FE78F3}.Debug|Any CPU.ActiveCfg = Debug|Any CPU
		{D9583231-5676-4FCE-8337-4DEA54FE78F3}.Debug|Any CPU.Build.0 = Debug|Any CPU
		{D9583231-5676-4FCE-8337-4DEA54FE78F3}.Release|Any CPU.ActiveCfg = Release|Any CPU
		{D9583231-5676-4FCE-8337-4DEA54FE78F3}.Release|Any CPU.Build.0 = Release|Any CPU
		{F97D50AD-6F4D-4DF7-9610-6F71B6D12257}.Debug|Any CPU.ActiveCfg = Debug|Any CPU
		{F97D50AD-6F4D-4DF7-9610-6F71B6D12257}.Debug|Any CPU.Build.0 = Debug|Any CPU
		{F97D50AD-6F4D-4DF7-9610-6F71B6D12257}.Release|Any CPU.ActiveCfg = Release|Any CPU
		{F97D50AD-6F4D-4DF7-9610-6F71B6D12257}.Release|Any CPU.Build.0 = Release|Any CPU
		{7B17ABB7-ED6F-4427-A277-8354355808C1}.Debug|Any CPU.ActiveCfg = Debug|Any CPU
		{7B17ABB7-ED6F-4427-A277-8354355808C1}.Debug|Any CPU.Build.0 = Debug|Any CPU
		{7B17ABB7-ED6F-4427-A277-8354355808C1}.Release|Any CPU.ActiveCfg = Release|Any CPU
		{7B17ABB7-ED6F-4427-A277-8354355808C1}.Release|Any CPU.Build.0 = Release|Any CPU
	EndGlobalSection
	GlobalSection(SolutionProperties) = preSolution
		HideSolutionNode = FALSE
	EndGlobalSection
	GlobalSection(ExtensibilityGlobals) = postSolution
		SolutionGuid = {2376CC63-E86A-406E-826E-067415F45E57}
	EndGlobalSection
EndGlobal
